
Microsoft Visual Studio Solution File, Format Version 12.00
# Visual Studio Version 17
VisualStudioVersion = 17.12.35527.113 d17.12
MinimumVisualStudioVersion = 10.0.40219.1
Project("{FAE04EC0-301F-11D3-BF4B-00C04F79EFBC}") = "HashKorea-Blazor", "HashKorea-Blazor\HashKorea-Blazor.csproj", "{33D53221-5E88-4ACE-B5B1-7FEB5BD32639}"
EndProject
Project("{FAE04EC0-301F-11D3-BF4B-00C04F79EFBC}") = "HashKorea-Blazor.AppHost", "HashKorea-Blazor.AppHost\HashKorea-Blazor.AppHost.csproj", "{C8C9D3EB-8A5F-435D-864F-C0B6F0303895}"
EndProject
Project("{FAE04EC0-301F-11D3-BF4B-00C04F79EFBC}") = "HashKorea-Blazor.ServiceDefaults", "HashKorea-Blazor.ServiceDefaults\HashKorea-Blazor.ServiceDefaults.csproj", "{2124DA14-67C1-4EC2-B6FC-586FE6BA2824}"
EndProject
Project("{E53339B2-1760-4266-BCC7-CA923CBCF16C}") = "docker-compose", "docker-compose.dcproj", "{82F17AFD-8756-4A41-89D2-264F86E3263B}"
EndProject
Global
	GlobalSection(SolutionConfigurationPlatforms) = preSolution
		Debug|Any CPU = Debug|Any CPU
		Release|Any CPU = Release|Any CPU
	EndGlobalSection
	GlobalSection(ProjectConfigurationPlatforms) = postSolution
		{33D53221-5E88-4ACE-B5B1-7FEB5BD32639}.Debug|Any CPU.ActiveCfg = Debug|Any CPU
		{33D53221-5E88-4ACE-B5B1-7FEB5BD32639}.Debug|Any CPU.Build.0 = Debug|Any CPU
		{33D53221-5E88-4ACE-B5B1-7FEB5BD32639}.Release|Any CPU.ActiveCfg = Release|Any CPU
		{33D53221-5E88-4ACE-B5B1-7FEB5BD32639}.Release|Any CPU.Build.0 = Release|Any CPU
		{C8C9D3EB-8A5F-435D-864F-C0B6F0303895}.Debug|Any CPU.ActiveCfg = Debug|Any CPU
		{C8C9D3EB-8A5F-435D-864F-C0B6F0303895}.Debug|Any CPU.Build.0 = Debug|Any CPU
		{C8C9D3EB-8A5F-435D-864F-C0B6F0303895}.Release|Any CPU.ActiveCfg = Release|Any CPU
		{C8C9D3EB-8A5F-435D-864F-C0B6F0303895}.Release|Any CPU.Build.0 = Release|Any CPU
		{2124DA14-67C1-4EC2-B6FC-586FE6BA2824}.Debug|Any CPU.ActiveCfg = Debug|Any CPU
		{2124DA14-67C1-4EC2-B6FC-586FE6BA2824}.Debug|Any CPU.Build.0 = Debug|Any CPU
		{2124DA14-67C1-4EC2-B6FC-586FE6BA2824}.Release|Any CPU.ActiveCfg = Release|Any CPU
		{2124DA14-67C1-4EC2-B6FC-586FE6BA2824}.Release|Any CPU.Build.0 = Release|Any CPU
		{82F17AFD-8756-4A41-89D2-264F86E3263B}.Debug|Any CPU.ActiveCfg = Debug|Any CPU
		{82F17AFD-8756-4A41-89D2-264F86E3263B}.Debug|Any CPU.Build.0 = Debug|Any CPU
		{82F17AFD-8756-4A41-89D2-264F86E3263B}.Release|Any CPU.ActiveCfg = Release|Any CPU
		{82F17AFD-8756-4A41-89D2-264F86E3263B}.Release|Any CPU.Build.0 = Release|Any CPU
	EndGlobalSection
	GlobalSection(SolutionProperties) = preSolution
		HideSolutionNode = FALSE
	EndGlobalSection
EndGlobal
